// !$*UTF8*$!
{
	archiveVersion = 1;
	classes = {
	};
	objectVersion = 48;
	objects = {

/* Begin PBXBuildFile section */
		9B8F15E41FC188E2001A34C6 /* DefaultRouter.swift in Sources */ = {isa = PBXBuildFile; fileRef = 9B8F15E31FC188E2001A34C6 /* DefaultRouter.swift */; };
		9B8F15E61FC18930001A34C6 /* EmbassyStubTest.swift in Sources */ = {isa = PBXBuildFile; fileRef = 9B8F15E51FC18930001A34C6 /* EmbassyStubTest.swift */; };
		9B8F15E81FC19BD9001A34C6 /* EmbassyBase.swift in Sources */ = {isa = PBXBuildFile; fileRef = 9B8F15E71FC19BD9001A34C6 /* EmbassyBase.swift */; };
		9B8F15EA1FC22140001A34C6 /* VaporStubTest.swift in Sources */ = {isa = PBXBuildFile; fileRef = 9B8F15E91FC22140001A34C6 /* VaporStubTest.swift */; };
		9B8F47F11FC2298A001A34C6 /* .gitignore in Resources */ = {isa = PBXBuildFile; fileRef = 9B8F30621FC22967001A34C6 /* .gitignore */; };
		9B8F47F21FC2298A001A34C6 /* Package.resolved in Resources */ = {isa = PBXBuildFile; fileRef = 9B8F30631FC22967001A34C6 /* Package.resolved */; };
		9B8F47F41FC2298A001A34C6 /* README.md in Resources */ = {isa = PBXBuildFile; fileRef = 9B8F30651FC22967001A34C6 /* README.md */; };
		9B99FB671FC08C3700E6BFF0 /* MockingJayTest.swift in Sources */ = {isa = PBXBuildFile; fileRef = 9B99FB661FC08C3700E6BFF0 /* MockingJayTest.swift */; };
		9B99FB691FC08E6B00E6BFF0 /* HippolyteTest.swift in Sources */ = {isa = PBXBuildFile; fileRef = 9B99FB681FC08E6B00E6BFF0 /* HippolyteTest.swift */; };
		9B99FB6B1FC0918B00E6BFF0 /* OHHTTPTest.swift in Sources */ = {isa = PBXBuildFile; fileRef = 9B99FB6A1FC0918B00E6BFF0 /* OHHTTPTest.swift */; };
		9B99FB6D1FC0A20B00E6BFF0 /* HTTPStubs.swift in Sources */ = {isa = PBXBuildFile; fileRef = 9B99FB6C1FC0A20B00E6BFF0 /* HTTPStubs.swift */; };
		9BAC2D371FC0A42500A395D3 /* SwifterStubsTests.swift in Sources */ = {isa = PBXBuildFile; fileRef = 9BAC2D361FC0A42500A395D3 /* SwifterStubsTests.swift */; };
		9BF0B1DE1FBE282E006F7F68 /* AppDelegate.swift in Sources */ = {isa = PBXBuildFile; fileRef = 9BF0B1DD1FBE282E006F7F68 /* AppDelegate.swift */; };
		9BF0B1E01FBE282E006F7F68 /* ViewController.swift in Sources */ = {isa = PBXBuildFile; fileRef = 9BF0B1DF1FBE282E006F7F68 /* ViewController.swift */; };
		9BF0B1E31FBE282E006F7F68 /* Main.storyboard in Resources */ = {isa = PBXBuildFile; fileRef = 9BF0B1E11FBE282E006F7F68 /* Main.storyboard */; };
		9BF0B1E51FBE282E006F7F68 /* Assets.xcassets in Resources */ = {isa = PBXBuildFile; fileRef = 9BF0B1E41FBE282E006F7F68 /* Assets.xcassets */; };
		9BF0B1E81FBE282E006F7F68 /* LaunchScreen.storyboard in Resources */ = {isa = PBXBuildFile; fileRef = 9BF0B1E61FBE282E006F7F68 /* LaunchScreen.storyboard */; };
		9BF0B1F31FBE282F006F7F68 /* SwiftStubsTests.swift in Sources */ = {isa = PBXBuildFile; fileRef = 9BF0B1F21FBE282F006F7F68 /* SwiftStubsTests.swift */; };
		9BF0B1FE1FBE282F006F7F68 /* RealNetworkUITests.swift in Sources */ = {isa = PBXBuildFile; fileRef = 9BF0B1FD1FBE282F006F7F68 /* RealNetworkUITests.swift */; };
		9BF0B20C1FBE44E9006F7F68 /* env.swift in Sources */ = {isa = PBXBuildFile; fileRef = 9BF0B20B1FBE44E9006F7F68 /* env.swift */; };
		9BF0B20E1FBE47D9006F7F68 /* Feed.json in Resources */ = {isa = PBXBuildFile; fileRef = 9BF0B20D1FBE47D9006F7F68 /* Feed.json */; };
		9BF0B2101FBE47EC006F7F68 /* Feed.json in Resources */ = {isa = PBXBuildFile; fileRef = 9BF0B20F1FBE47EB006F7F68 /* Feed.json */; };
		A95CAF8972BB299B671FFFA6 /* Pods_SwiftStubsUITests.framework in Frameworks */ = {isa = PBXBuildFile; fileRef = F14ECBD6B911745DC99EB7C8 /* Pods_SwiftStubsUITests.framework */; };
		CB9D4AA157126FF949D1CED7 /* Pods_SwiftStubsTests.framework in Frameworks */ = {isa = PBXBuildFile; fileRef = 60CF728D5B217F93AE4905DA /* Pods_SwiftStubsTests.framework */; };
		F05CD62636DC4B64804CD319 /* Pods_SwiftStubs.framework in Frameworks */ = {isa = PBXBuildFile; fileRef = 587774653F98CE45195A923C /* Pods_SwiftStubs.framework */; };
/* End PBXBuildFile section */

/* Begin PBXContainerItemProxy section */
		9BF0B1EF1FBE282F006F7F68 /* PBXContainerItemProxy */ = {
			isa = PBXContainerItemProxy;
			containerPortal = 9BF0B1D21FBE282E006F7F68 /* Project object */;
			proxyType = 1;
			remoteGlobalIDString = 9BF0B1D91FBE282E006F7F68;
			remoteInfo = SwiftStubs;
		};
		9BF0B1FA1FBE282F006F7F68 /* PBXContainerItemProxy */ = {
			isa = PBXContainerItemProxy;
			containerPortal = 9BF0B1D21FBE282E006F7F68 /* Project object */;
			proxyType = 1;
			remoteGlobalIDString = 9BF0B1D91FBE282E006F7F68;
			remoteInfo = SwiftStubs;
		};
/* End PBXContainerItemProxy section */

/* Begin PBXFileReference section */
		184BFFC1347621D5190F0C79 /* Pods-SwiftStubsTests.debug.xcconfig */ = {isa = PBXFileReference; includeInIndex = 1; lastKnownFileType = text.xcconfig; name = "Pods-SwiftStubsTests.debug.xcconfig"; path = "Pods/Target Support Files/Pods-SwiftStubsTests/Pods-SwiftStubsTests.debug.xcconfig"; sourceTree = "<group>"; };
		3B2D2C688D0632E9D229050F /* Pods-SwiftStubs.release.xcconfig */ = {isa = PBXFileReference; includeInIndex = 1; lastKnownFileType = text.xcconfig; name = "Pods-SwiftStubs.release.xcconfig"; path = "Pods/Target Support Files/Pods-SwiftStubs/Pods-SwiftStubs.release.xcconfig"; sourceTree = "<group>"; };
		4FA5C6E31060EAFB3F241063 /* Pods-SwiftStubsUITests.release.xcconfig */ = {isa = PBXFileReference; includeInIndex = 1; lastKnownFileType = text.xcconfig; name = "Pods-SwiftStubsUITests.release.xcconfig"; path = "Pods/Target Support Files/Pods-SwiftStubsUITests/Pods-SwiftStubsUITests.release.xcconfig"; sourceTree = "<group>"; };
		587774653F98CE45195A923C /* Pods_SwiftStubs.framework */ = {isa = PBXFileReference; explicitFileType = wrapper.framework; includeInIndex = 0; path = Pods_SwiftStubs.framework; sourceTree = BUILT_PRODUCTS_DIR; };
		60CF728D5B217F93AE4905DA /* Pods_SwiftStubsTests.framework */ = {isa = PBXFileReference; explicitFileType = wrapper.framework; includeInIndex = 0; path = Pods_SwiftStubsTests.framework; sourceTree = BUILT_PRODUCTS_DIR; };
		86244525C78B7942CC0B29A1 /* Pods-SwiftStubs.debug.xcconfig */ = {isa = PBXFileReference; includeInIndex = 1; lastKnownFileType = text.xcconfig; name = "Pods-SwiftStubs.debug.xcconfig"; path = "Pods/Target Support Files/Pods-SwiftStubs/Pods-SwiftStubs.debug.xcconfig"; sourceTree = "<group>"; };
		9B8F15E31FC188E2001A34C6 /* DefaultRouter.swift */ = {isa = PBXFileReference; lastKnownFileType = sourcecode.swift; path = DefaultRouter.swift; sourceTree = "<group>"; };
		9B8F15E51FC18930001A34C6 /* EmbassyStubTest.swift */ = {isa = PBXFileReference; lastKnownFileType = sourcecode.swift; path = EmbassyStubTest.swift; sourceTree = "<group>"; };
		9B8F15E71FC19BD9001A34C6 /* EmbassyBase.swift */ = {isa = PBXFileReference; lastKnownFileType = sourcecode.swift; path = EmbassyBase.swift; sourceTree = "<group>"; };
		9B8F15E91FC22140001A34C6 /* VaporStubTest.swift */ = {isa = PBXFileReference; lastKnownFileType = sourcecode.swift; path = VaporStubTest.swift; sourceTree = "<group>"; };
		9B8F30621FC22967001A34C6 /* .gitignore */ = {isa = PBXFileReference; fileEncoding = 4; lastKnownFileType = text; path = .gitignore; sourceTree = "<group>"; };
		9B8F30631FC22967001A34C6 /* Package.resolved */ = {isa = PBXFileReference; fileEncoding = 4; lastKnownFileType = text; path = Package.resolved; sourceTree = "<group>"; };
		9B8F30641FC22967001A34C6 /* Package.swift */ = {isa = PBXFileReference; fileEncoding = 4; lastKnownFileType = sourcecode.swift; path = Package.swift; sourceTree = "<group>"; };
		9B8F30651FC22967001A34C6 /* README.md */ = {isa = PBXFileReference; fileEncoding = 4; lastKnownFileType = net.daringfireball.markdown; path = README.md; sourceTree = "<group>"; };
		9B8F30681FC22967001A34C6 /* main.swift */ = {isa = PBXFileReference; fileEncoding = 4; lastKnownFileType = sourcecode.swift; path = main.swift; sourceTree = "<group>"; };
		9B99FB661FC08C3700E6BFF0 /* MockingJayTest.swift */ = {isa = PBXFileReference; lastKnownFileType = sourcecode.swift; path = MockingJayTest.swift; sourceTree = "<group>"; };
		9B99FB681FC08E6B00E6BFF0 /* HippolyteTest.swift */ = {isa = PBXFileReference; lastKnownFileType = sourcecode.swift; path = HippolyteTest.swift; sourceTree = "<group>"; };
		9B99FB6A1FC0918B00E6BFF0 /* OHHTTPTest.swift */ = {isa = PBXFileReference; lastKnownFileType = sourcecode.swift; path = OHHTTPTest.swift; sourceTree = "<group>"; };
		9B99FB6C1FC0A20B00E6BFF0 /* HTTPStubs.swift */ = {isa = PBXFileReference; lastKnownFileType = sourcecode.swift; path = HTTPStubs.swift; sourceTree = "<group>"; };
		9BAC2D361FC0A42500A395D3 /* SwifterStubsTests.swift */ = {isa = PBXFileReference; lastKnownFileType = sourcecode.swift; path = SwifterStubsTests.swift; sourceTree = "<group>"; };
		9BF0B1DA1FBE282E006F7F68 /* SwiftStubs.app */ = {isa = PBXFileReference; explicitFileType = wrapper.application; includeInIndex = 0; path = SwiftStubs.app; sourceTree = BUILT_PRODUCTS_DIR; };
		9BF0B1DD1FBE282E006F7F68 /* AppDelegate.swift */ = {isa = PBXFileReference; lastKnownFileType = sourcecode.swift; path = AppDelegate.swift; sourceTree = "<group>"; };
		9BF0B1DF1FBE282E006F7F68 /* ViewController.swift */ = {isa = PBXFileReference; lastKnownFileType = sourcecode.swift; path = ViewController.swift; sourceTree = "<group>"; };
		9BF0B1E21FBE282E006F7F68 /* Base */ = {isa = PBXFileReference; lastKnownFileType = file.storyboard; name = Base; path = Base.lproj/Main.storyboard; sourceTree = "<group>"; };
		9BF0B1E41FBE282E006F7F68 /* Assets.xcassets */ = {isa = PBXFileReference; lastKnownFileType = folder.assetcatalog; path = Assets.xcassets; sourceTree = "<group>"; };
		9BF0B1E71FBE282E006F7F68 /* Base */ = {isa = PBXFileReference; lastKnownFileType = file.storyboard; name = Base; path = Base.lproj/LaunchScreen.storyboard; sourceTree = "<group>"; };
		9BF0B1E91FBE282E006F7F68 /* Info.plist */ = {isa = PBXFileReference; lastKnownFileType = text.plist.xml; path = Info.plist; sourceTree = "<group>"; };
		9BF0B1EE1FBE282F006F7F68 /* SwiftStubsTests.xctest */ = {isa = PBXFileReference; explicitFileType = wrapper.cfbundle; includeInIndex = 0; path = SwiftStubsTests.xctest; sourceTree = BUILT_PRODUCTS_DIR; };
		9BF0B1F21FBE282F006F7F68 /* SwiftStubsTests.swift */ = {isa = PBXFileReference; lastKnownFileType = sourcecode.swift; path = SwiftStubsTests.swift; sourceTree = "<group>"; };
		9BF0B1F41FBE282F006F7F68 /* Info.plist */ = {isa = PBXFileReference; lastKnownFileType = text.plist.xml; path = Info.plist; sourceTree = "<group>"; };
		9BF0B1F91FBE282F006F7F68 /* SwiftStubsUITests.xctest */ = {isa = PBXFileReference; explicitFileType = wrapper.cfbundle; includeInIndex = 0; path = SwiftStubsUITests.xctest; sourceTree = BUILT_PRODUCTS_DIR; };
		9BF0B1FD1FBE282F006F7F68 /* RealNetworkUITests.swift */ = {isa = PBXFileReference; lastKnownFileType = sourcecode.swift; path = RealNetworkUITests.swift; sourceTree = "<group>"; };
		9BF0B1FF1FBE282F006F7F68 /* Info.plist */ = {isa = PBXFileReference; lastKnownFileType = text.plist.xml; path = Info.plist; sourceTree = "<group>"; };
		9BF0B20B1FBE44E9006F7F68 /* env.swift */ = {isa = PBXFileReference; lastKnownFileType = sourcecode.swift; path = env.swift; sourceTree = "<group>"; };
		9BF0B20D1FBE47D9006F7F68 /* Feed.json */ = {isa = PBXFileReference; fileEncoding = 4; lastKnownFileType = text.json; path = Feed.json; sourceTree = "<group>"; };
		9BF0B20F1FBE47EB006F7F68 /* Feed.json */ = {isa = PBXFileReference; fileEncoding = 4; lastKnownFileType = text.json; path = Feed.json; sourceTree = "<group>"; };
		B8D3C857301A274441C0FFAA /* Pods-SwiftStubsTests.release.xcconfig */ = {isa = PBXFileReference; includeInIndex = 1; lastKnownFileType = text.xcconfig; name = "Pods-SwiftStubsTests.release.xcconfig"; path = "Pods/Target Support Files/Pods-SwiftStubsTests/Pods-SwiftStubsTests.release.xcconfig"; sourceTree = "<group>"; };
		F14ECBD6B911745DC99EB7C8 /* Pods_SwiftStubsUITests.framework */ = {isa = PBXFileReference; explicitFileType = wrapper.framework; includeInIndex = 0; path = Pods_SwiftStubsUITests.framework; sourceTree = BUILT_PRODUCTS_DIR; };
		F7A5AF162AECC0DBCD53F7CF /* Pods-SwiftStubsUITests.debug.xcconfig */ = {isa = PBXFileReference; includeInIndex = 1; lastKnownFileType = text.xcconfig; name = "Pods-SwiftStubsUITests.debug.xcconfig"; path = "Pods/Target Support Files/Pods-SwiftStubsUITests/Pods-SwiftStubsUITests.debug.xcconfig"; sourceTree = "<group>"; };
/* End PBXFileReference section */

/* Begin PBXFrameworksBuildPhase section */
		9BF0B1D71FBE282E006F7F68 /* Frameworks */ = {
			isa = PBXFrameworksBuildPhase;
			buildActionMask = 2147483647;
			files = (
				F05CD62636DC4B64804CD319 /* Pods_SwiftStubs.framework in Frameworks */,
			);
			runOnlyForDeploymentPostprocessing = 0;
		};
		9BF0B1EB1FBE282F006F7F68 /* Frameworks */ = {
			isa = PBXFrameworksBuildPhase;
			buildActionMask = 2147483647;
			files = (
				CB9D4AA157126FF949D1CED7 /* Pods_SwiftStubsTests.framework in Frameworks */,
			);
			runOnlyForDeploymentPostprocessing = 0;
		};
		9BF0B1F61FBE282F006F7F68 /* Frameworks */ = {
			isa = PBXFrameworksBuildPhase;
			buildActionMask = 2147483647;
			files = (
				A95CAF8972BB299B671FFFA6 /* Pods_SwiftStubsUITests.framework in Frameworks */,
			);
			runOnlyForDeploymentPostprocessing = 0;
		};
/* End PBXFrameworksBuildPhase section */

/* Begin PBXGroup section */
		9B8F15EB1FC2295B001A34C6 /* Server */ = {
			isa = PBXGroup;
			children = (
				9B8F30621FC22967001A34C6 /* .gitignore */,
				9B8F30631FC22967001A34C6 /* Package.resolved */,
				9B8F30641FC22967001A34C6 /* Package.swift */,
				9B8F30651FC22967001A34C6 /* README.md */,
				9B8F30661FC22967001A34C6 /* Sources */,
			);
			path = Server;
			sourceTree = "<group>";
		};
		9B8F30661FC22967001A34C6 /* Sources */ = {
			isa = PBXGroup;
			children = (
				9B8F30671FC22967001A34C6 /* Server */,
			);
			path = Sources;
			sourceTree = "<group>";
		};
		9B8F30671FC22967001A34C6 /* Server */ = {
			isa = PBXGroup;
			children = (
				9B8F30681FC22967001A34C6 /* main.swift */,
			);
			path = Server;
			sourceTree = "<group>";
		};
		9BF0B1D11FBE282E006F7F68 = {
			isa = PBXGroup;
			children = (
				9BF0B1DC1FBE282E006F7F68 /* SwiftStubs */,
				9BF0B1F11FBE282F006F7F68 /* SwiftStubsTests */,
				9BF0B1FC1FBE282F006F7F68 /* SwiftStubsUITests */,
				9BF0B1DB1FBE282E006F7F68 /* Products */,
				EDACEF3202EE7C8BA38FBF83 /* Pods */,
				A67256E8303A76FD159B377C /* Frameworks */,
			);
			sourceTree = "<group>";
		};
		9BF0B1DB1FBE282E006F7F68 /* Products */ = {
			isa = PBXGroup;
			children = (
				9BF0B1DA1FBE282E006F7F68 /* SwiftStubs.app */,
				9BF0B1EE1FBE282F006F7F68 /* SwiftStubsTests.xctest */,
				9BF0B1F91FBE282F006F7F68 /* SwiftStubsUITests.xctest */,
			);
			name = Products;
			sourceTree = "<group>";
		};
		9BF0B1DC1FBE282E006F7F68 /* SwiftStubs */ = {
			isa = PBXGroup;
			children = (
				9BF0B1DD1FBE282E006F7F68 /* AppDelegate.swift */,
				9BF0B1DF1FBE282E006F7F68 /* ViewController.swift */,
				9BF0B1E11FBE282E006F7F68 /* Main.storyboard */,
				9BF0B1E41FBE282E006F7F68 /* Assets.xcassets */,
				9BF0B1E61FBE282E006F7F68 /* LaunchScreen.storyboard */,
				9BF0B1E91FBE282E006F7F68 /* Info.plist */,
				9BF0B20B1FBE44E9006F7F68 /* env.swift */,
			);
			path = SwiftStubs;
			sourceTree = "<group>";
		};
		9BF0B1F11FBE282F006F7F68 /* SwiftStubsTests */ = {
			isa = PBXGroup;
			children = (
				9BF0B20F1FBE47EB006F7F68 /* Feed.json */,
				9BF0B1F21FBE282F006F7F68 /* SwiftStubsTests.swift */,
				9BF0B1F41FBE282F006F7F68 /* Info.plist */,
				9B99FB661FC08C3700E6BFF0 /* MockingJayTest.swift */,
				9B99FB681FC08E6B00E6BFF0 /* HippolyteTest.swift */,
				9B99FB6A1FC0918B00E6BFF0 /* OHHTTPTest.swift */,
			);
			path = SwiftStubsTests;
			sourceTree = "<group>";
		};
		9BF0B1FC1FBE282F006F7F68 /* SwiftStubsUITests */ = {
			isa = PBXGroup;
			children = (
				9B8F15EB1FC2295B001A34C6 /* Server */,
				9BF0B20D1FBE47D9006F7F68 /* Feed.json */,
				9BF0B1FD1FBE282F006F7F68 /* RealNetworkUITests.swift */,
				9BF0B1FF1FBE282F006F7F68 /* Info.plist */,
				9B99FB6C1FC0A20B00E6BFF0 /* HTTPStubs.swift */,
				9BAC2D361FC0A42500A395D3 /* SwifterStubsTests.swift */,
				9B8F15E31FC188E2001A34C6 /* DefaultRouter.swift */,
				9B8F15E51FC18930001A34C6 /* EmbassyStubTest.swift */,
				9B8F15E71FC19BD9001A34C6 /* EmbassyBase.swift */,
				9B8F15E91FC22140001A34C6 /* VaporStubTest.swift */,
			);
			path = SwiftStubsUITests;
			sourceTree = "<group>";
		};
		A67256E8303A76FD159B377C /* Frameworks */ = {
			isa = PBXGroup;
			children = (
				587774653F98CE45195A923C /* Pods_SwiftStubs.framework */,
				60CF728D5B217F93AE4905DA /* Pods_SwiftStubsTests.framework */,
				F14ECBD6B911745DC99EB7C8 /* Pods_SwiftStubsUITests.framework */,
			);
			name = Frameworks;
			sourceTree = "<group>";
		};
		EDACEF3202EE7C8BA38FBF83 /* Pods */ = {
			isa = PBXGroup;
			children = (
				86244525C78B7942CC0B29A1 /* Pods-SwiftStubs.debug.xcconfig */,
				3B2D2C688D0632E9D229050F /* Pods-SwiftStubs.release.xcconfig */,
				184BFFC1347621D5190F0C79 /* Pods-SwiftStubsTests.debug.xcconfig */,
				B8D3C857301A274441C0FFAA /* Pods-SwiftStubsTests.release.xcconfig */,
				F7A5AF162AECC0DBCD53F7CF /* Pods-SwiftStubsUITests.debug.xcconfig */,
				4FA5C6E31060EAFB3F241063 /* Pods-SwiftStubsUITests.release.xcconfig */,
			);
			name = Pods;
			sourceTree = "<group>";
		};
/* End PBXGroup section */

/* Begin PBXNativeTarget section */
		9BF0B1D91FBE282E006F7F68 /* SwiftStubs */ = {
			isa = PBXNativeTarget;
			buildConfigurationList = 9BF0B2021FBE282F006F7F68 /* Build configuration list for PBXNativeTarget "SwiftStubs" */;
			buildPhases = (
				CF0B38CAF537B4BA270BBB27 /* [CP] Check Pods Manifest.lock */,
				9BF0B1D61FBE282E006F7F68 /* Sources */,
				9BF0B1D71FBE282E006F7F68 /* Frameworks */,
				9BF0B1D81FBE282E006F7F68 /* Resources */,
				875EFB27BF00C6F807EEE93E /* [CP] Embed Pods Frameworks */,
				31BC5716B8C24042CC893166 /* [CP] Copy Pods Resources */,
			);
			buildRules = (
			);
			dependencies = (
			);
			name = SwiftStubs;
			productName = SwiftStubs;
			productReference = 9BF0B1DA1FBE282E006F7F68 /* SwiftStubs.app */;
			productType = "com.apple.product-type.application";
		};
		9BF0B1ED1FBE282F006F7F68 /* SwiftStubsTests */ = {
			isa = PBXNativeTarget;
			buildConfigurationList = 9BF0B2051FBE282F006F7F68 /* Build configuration list for PBXNativeTarget "SwiftStubsTests" */;
			buildPhases = (
				4C614BD99BC501BF477795A8 /* [CP] Check Pods Manifest.lock */,
				9BF0B1EA1FBE282F006F7F68 /* Sources */,
				9BF0B1EB1FBE282F006F7F68 /* Frameworks */,
				9BF0B1EC1FBE282F006F7F68 /* Resources */,
				58908E1F8607EAF190D48D9A /* [CP] Embed Pods Frameworks */,
				F3090123EE3378CA42D44B20 /* [CP] Copy Pods Resources */,
			);
			buildRules = (
			);
			dependencies = (
				9BF0B1F01FBE282F006F7F68 /* PBXTargetDependency */,
			);
			name = SwiftStubsTests;
			productName = SwiftStubsTests;
			productReference = 9BF0B1EE1FBE282F006F7F68 /* SwiftStubsTests.xctest */;
			productType = "com.apple.product-type.bundle.unit-test";
		};
		9BF0B1F81FBE282F006F7F68 /* SwiftStubsUITests */ = {
			isa = PBXNativeTarget;
			buildConfigurationList = 9BF0B2081FBE282F006F7F68 /* Build configuration list for PBXNativeTarget "SwiftStubsUITests" */;
			buildPhases = (
				55E2D2B79922F5E1307A5C59 /* [CP] Check Pods Manifest.lock */,
				9BF0B1F51FBE282F006F7F68 /* Sources */,
				9BF0B1F61FBE282F006F7F68 /* Frameworks */,
				9BF0B1F71FBE282F006F7F68 /* Resources */,
				47D5254A0FED26DCED1E4561 /* [CP] Embed Pods Frameworks */,
				C40A4F57D4F1305CB770F003 /* [CP] Copy Pods Resources */,
			);
			buildRules = (
			);
			dependencies = (
				9BF0B1FB1FBE282F006F7F68 /* PBXTargetDependency */,
			);
			name = SwiftStubsUITests;
			productName = SwiftStubsUITests;
			productReference = 9BF0B1F91FBE282F006F7F68 /* SwiftStubsUITests.xctest */;
			productType = "com.apple.product-type.bundle.ui-testing";
		};
/* End PBXNativeTarget section */

/* Begin PBXProject section */
		9BF0B1D21FBE282E006F7F68 /* Project object */ = {
			isa = PBXProject;
			attributes = {
				LastSwiftUpdateCheck = 0910;
				LastUpgradeCheck = 0910;
				ORGANIZATIONNAME = "Shashikant Jagtap";
				TargetAttributes = {
					9BF0B1D91FBE282E006F7F68 = {
						CreatedOnToolsVersion = 9.1;
						ProvisioningStyle = Automatic;
					};
					9BF0B1ED1FBE282F006F7F68 = {
						CreatedOnToolsVersion = 9.1;
						ProvisioningStyle = Automatic;
						TestTargetID = 9BF0B1D91FBE282E006F7F68;
					};
					9BF0B1F81FBE282F006F7F68 = {
						CreatedOnToolsVersion = 9.1;
						ProvisioningStyle = Automatic;
						TestTargetID = 9BF0B1D91FBE282E006F7F68;
					};
				};
			};
			buildConfigurationList = 9BF0B1D51FBE282E006F7F68 /* Build configuration list for PBXProject "SwiftStubs" */;
			compatibilityVersion = "Xcode 8.0";
			developmentRegion = en;
			hasScannedForEncodings = 0;
			knownRegions = (
				en,
				Base,
			);
			mainGroup = 9BF0B1D11FBE282E006F7F68;
			productRefGroup = 9BF0B1DB1FBE282E006F7F68 /* Products */;
			projectDirPath = "";
			projectRoot = "";
			targets = (
				9BF0B1D91FBE282E006F7F68 /* SwiftStubs */,
				9BF0B1ED1FBE282F006F7F68 /* SwiftStubsTests */,
				9BF0B1F81FBE282F006F7F68 /* SwiftStubsUITests */,
			);
		};
/* End PBXProject section */

/* Begin PBXResourcesBuildPhase section */
		9BF0B1D81FBE282E006F7F68 /* Resources */ = {
			isa = PBXResourcesBuildPhase;
			buildActionMask = 2147483647;
			files = (
				9BF0B1E81FBE282E006F7F68 /* LaunchScreen.storyboard in Resources */,
				9BF0B1E51FBE282E006F7F68 /* Assets.xcassets in Resources */,
				9BF0B1E31FBE282E006F7F68 /* Main.storyboard in Resources */,
			);
			runOnlyForDeploymentPostprocessing = 0;
		};
		9BF0B1EC1FBE282F006F7F68 /* Resources */ = {
			isa = PBXResourcesBuildPhase;
			buildActionMask = 2147483647;
			files = (
				9BF0B2101FBE47EC006F7F68 /* Feed.json in Resources */,
			);
			runOnlyForDeploymentPostprocessing = 0;
		};
		9BF0B1F71FBE282F006F7F68 /* Resources */ = {
			isa = PBXResourcesBuildPhase;
			buildActionMask = 2147483647;
			files = (
				9B8F47F11FC2298A001A34C6 /* .gitignore in Resources */,
				9B8F47F41FC2298A001A34C6 /* README.md in Resources */,
				9B8F47F21FC2298A001A34C6 /* Package.resolved in Resources */,
				9BF0B20E1FBE47D9006F7F68 /* Feed.json in Resources */,
			);
			runOnlyForDeploymentPostprocessing = 0;
		};
/* End PBXResourcesBuildPhase section */

/* Begin PBXShellScriptBuildPhase section */
		31BC5716B8C24042CC893166 /* [CP] Copy Pods Resources */ = {
			isa = PBXShellScriptBuildPhase;
			buildActionMask = 2147483647;
			files = (
			);
			inputPaths = (
			);
			name = "[CP] Copy Pods Resources";
			outputPaths = (
			);
			runOnlyForDeploymentPostprocessing = 0;
			shellPath = /bin/sh;
			shellScript = "\"${SRCROOT}/Pods/Target Support Files/Pods-SwiftStubs/Pods-SwiftStubs-resources.sh\"\n";
			showEnvVarsInLog = 0;
		};
		47D5254A0FED26DCED1E4561 /* [CP] Embed Pods Frameworks */ = {
			isa = PBXShellScriptBuildPhase;
			buildActionMask = 2147483647;
			files = (
			);
			inputPaths = (
			);
			name = "[CP] Embed Pods Frameworks";
			outputPaths = (
			);
			runOnlyForDeploymentPostprocessing = 0;
			shellPath = /bin/sh;
			shellScript = "\"${SRCROOT}/Pods/Target Support Files/Pods-SwiftStubsUITests/Pods-SwiftStubsUITests-frameworks.sh\"\n";
			showEnvVarsInLog = 0;
		};
		4C614BD99BC501BF477795A8 /* [CP] Check Pods Manifest.lock */ = {
			isa = PBXShellScriptBuildPhase;
			buildActionMask = 2147483647;
			files = (
			);
			inputPaths = (
			);
			name = "[CP] Check Pods Manifest.lock";
			outputPaths = (
			);
			runOnlyForDeploymentPostprocessing = 0;
			shellPath = /bin/sh;
			shellScript = "diff \"${PODS_ROOT}/../Podfile.lock\" \"${PODS_ROOT}/Manifest.lock\" > /dev/null\nif [ $? != 0 ] ; then\n    # print error to STDERR\n    echo \"error: The sandbox is not in sync with the Podfile.lock. Run 'pod install' or update your CocoaPods installation.\" >&2\n    exit 1\nfi\n";
			showEnvVarsInLog = 0;
		};
		55E2D2B79922F5E1307A5C59 /* [CP] Check Pods Manifest.lock */ = {
			isa = PBXShellScriptBuildPhase;
			buildActionMask = 2147483647;
			files = (
			);
			inputPaths = (
			);
			name = "[CP] Check Pods Manifest.lock";
			outputPaths = (
			);
			runOnlyForDeploymentPostprocessing = 0;
			shellPath = /bin/sh;
			shellScript = "diff \"${PODS_ROOT}/../Podfile.lock\" \"${PODS_ROOT}/Manifest.lock\" > /dev/null\nif [ $? != 0 ] ; then\n    # print error to STDERR\n    echo \"error: The sandbox is not in sync with the Podfile.lock. Run 'pod install' or update your CocoaPods installation.\" >&2\n    exit 1\nfi\n";
			showEnvVarsInLog = 0;
		};
		58908E1F8607EAF190D48D9A /* [CP] Embed Pods Frameworks */ = {
			isa = PBXShellScriptBuildPhase;
			buildActionMask = 2147483647;
			files = (
			);
			inputPaths = (
			);
			name = "[CP] Embed Pods Frameworks";
			outputPaths = (
			);
			runOnlyForDeploymentPostprocessing = 0;
			shellPath = /bin/sh;
			shellScript = "\"${SRCROOT}/Pods/Target Support Files/Pods-SwiftStubsTests/Pods-SwiftStubsTests-frameworks.sh\"\n";
			showEnvVarsInLog = 0;
		};
		875EFB27BF00C6F807EEE93E /* [CP] Embed Pods Frameworks */ = {
			isa = PBXShellScriptBuildPhase;
			buildActionMask = 2147483647;
			files = (
			);
			inputPaths = (
			);
			name = "[CP] Embed Pods Frameworks";
			outputPaths = (
			);
			runOnlyForDeploymentPostprocessing = 0;
			shellPath = /bin/sh;
			shellScript = "\"${SRCROOT}/Pods/Target Support Files/Pods-SwiftStubs/Pods-SwiftStubs-frameworks.sh\"\n";
			showEnvVarsInLog = 0;
		};
		C40A4F57D4F1305CB770F003 /* [CP] Copy Pods Resources */ = {
			isa = PBXShellScriptBuildPhase;
			buildActionMask = 2147483647;
			files = (
			);
			inputPaths = (
			);
			name = "[CP] Copy Pods Resources";
			outputPaths = (
			);
			runOnlyForDeploymentPostprocessing = 0;
			shellPath = /bin/sh;
			shellScript = "\"${SRCROOT}/Pods/Target Support Files/Pods-SwiftStubsUITests/Pods-SwiftStubsUITests-resources.sh\"\n";
			showEnvVarsInLog = 0;
		};
		CF0B38CAF537B4BA270BBB27 /* [CP] Check Pods Manifest.lock */ = {
			isa = PBXShellScriptBuildPhase;
			buildActionMask = 2147483647;
			files = (
			);
			inputPaths = (
			);
			name = "[CP] Check Pods Manifest.lock";
			outputPaths = (
			);
			runOnlyForDeploymentPostprocessing = 0;
			shellPath = /bin/sh;
			shellScript = "diff \"${PODS_ROOT}/../Podfile.lock\" \"${PODS_ROOT}/Manifest.lock\" > /dev/null\nif [ $? != 0 ] ; then\n    # print error to STDERR\n    echo \"error: The sandbox is not in sync with the Podfile.lock. Run 'pod install' or update your CocoaPods installation.\" >&2\n    exit 1\nfi\n";
			showEnvVarsInLog = 0;
		};
		F3090123EE3378CA42D44B20 /* [CP] Copy Pods Resources */ = {
			isa = PBXShellScriptBuildPhase;
			buildActionMask = 2147483647;
			files = (
			);
			inputPaths = (
			);
			name = "[CP] Copy Pods Resources";
			outputPaths = (
			);
			runOnlyForDeploymentPostprocessing = 0;
			shellPath = /bin/sh;
			shellScript = "\"${SRCROOT}/Pods/Target Support Files/Pods-SwiftStubsTests/Pods-SwiftStubsTests-resources.sh\"\n";
			showEnvVarsInLog = 0;
		};
/* End PBXShellScriptBuildPhase section */

/* Begin PBXSourcesBuildPhase section */
		9BF0B1D61FBE282E006F7F68 /* Sources */ = {
			isa = PBXSourcesBuildPhase;
			buildActionMask = 2147483647;
			files = (
				9BF0B1E01FBE282E006F7F68 /* ViewController.swift in Sources */,
				9BF0B1DE1FBE282E006F7F68 /* AppDelegate.swift in Sources */,
				9BF0B20C1FBE44E9006F7F68 /* env.swift in Sources */,
			);
			runOnlyForDeploymentPostprocessing = 0;
		};
		9BF0B1EA1FBE282F006F7F68 /* Sources */ = {
			isa = PBXSourcesBuildPhase;
			buildActionMask = 2147483647;
			files = (
				9BF0B1F31FBE282F006F7F68 /* SwiftStubsTests.swift in Sources */,
				9B99FB671FC08C3700E6BFF0 /* MockingJayTest.swift in Sources */,
				9B99FB6B1FC0918B00E6BFF0 /* OHHTTPTest.swift in Sources */,
				9B99FB691FC08E6B00E6BFF0 /* HippolyteTest.swift in Sources */,
			);
			runOnlyForDeploymentPostprocessing = 0;
		};
		9BF0B1F51FBE282F006F7F68 /* Sources */ = {
			isa = PBXSourcesBuildPhase;
			buildActionMask = 2147483647;
			files = (
				9B8F15EA1FC22140001A34C6 /* VaporStubTest.swift in Sources */,
				9B8F15E41FC188E2001A34C6 /* DefaultRouter.swift in Sources */,
				9BF0B1FE1FBE282F006F7F68 /* RealNetworkUITests.swift in Sources */,
				9B99FB6D1FC0A20B00E6BFF0 /* HTTPStubs.swift in Sources */,
				9B8F15E81FC19BD9001A34C6 /* EmbassyBase.swift in Sources */,
				9B8F15E61FC18930001A34C6 /* EmbassyStubTest.swift in Sources */,
				9BAC2D371FC0A42500A395D3 /* SwifterStubsTests.swift in Sources */,
			);
			runOnlyForDeploymentPostprocessing = 0;
		};
/* End PBXSourcesBuildPhase section */

/* Begin PBXTargetDependency section */
		9BF0B1F01FBE282F006F7F68 /* PBXTargetDependency */ = {
			isa = PBXTargetDependency;
			target = 9BF0B1D91FBE282E006F7F68 /* SwiftStubs */;
			targetProxy = 9BF0B1EF1FBE282F006F7F68 /* PBXContainerItemProxy */;
		};
		9BF0B1FB1FBE282F006F7F68 /* PBXTargetDependency */ = {
			isa = PBXTargetDependency;
			target = 9BF0B1D91FBE282E006F7F68 /* SwiftStubs */;
			targetProxy = 9BF0B1FA1FBE282F006F7F68 /* PBXContainerItemProxy */;
		};
/* End PBXTargetDependency section */

/* Begin PBXVariantGroup section */
		9BF0B1E11FBE282E006F7F68 /* Main.storyboard */ = {
			isa = PBXVariantGroup;
			children = (
				9BF0B1E21FBE282E006F7F68 /* Base */,
			);
			name = Main.storyboard;
			sourceTree = "<group>";
		};
		9BF0B1E61FBE282E006F7F68 /* LaunchScreen.storyboard */ = {
			isa = PBXVariantGroup;
			children = (
				9BF0B1E71FBE282E006F7F68 /* Base */,
			);
			name = LaunchScreen.storyboard;
			sourceTree = "<group>";
		};
/* End PBXVariantGroup section */

/* Begin XCBuildConfiguration section */
		9BF0B2001FBE282F006F7F68 /* Debug */ = {
			isa = XCBuildConfiguration;
			buildSettings = {
				ALWAYS_SEARCH_USER_PATHS = NO;
				CLANG_ANALYZER_NONNULL = YES;
				CLANG_ANALYZER_NUMBER_OBJECT_CONVERSION = YES_AGGRESSIVE;
				CLANG_CXX_LANGUAGE_STANDARD = "gnu++14";
				CLANG_CXX_LIBRARY = "libc++";
				CLANG_ENABLE_MODULES = YES;
				CLANG_ENABLE_OBJC_ARC = YES;
				CLANG_WARN_BLOCK_CAPTURE_AUTORELEASING = YES;
				CLANG_WARN_BOOL_CONVERSION = YES;
				CLANG_WARN_COMMA = YES;
				CLANG_WARN_CONSTANT_CONVERSION = YES;
				CLANG_WARN_DIRECT_OBJC_ISA_USAGE = YES_ERROR;
				CLANG_WARN_DOCUMENTATION_COMMENTS = YES;
				CLANG_WARN_EMPTY_BODY = YES;
				CLANG_WARN_ENUM_CONVERSION = YES;
				CLANG_WARN_INFINITE_RECURSION = YES;
				CLANG_WARN_INT_CONVERSION = YES;
				CLANG_WARN_NON_LITERAL_NULL_CONVERSION = YES;
				CLANG_WARN_OBJC_LITERAL_CONVERSION = YES;
				CLANG_WARN_OBJC_ROOT_CLASS = YES_ERROR;
				CLANG_WARN_RANGE_LOOP_ANALYSIS = YES;
				CLANG_WARN_STRICT_PROTOTYPES = YES;
				CLANG_WARN_SUSPICIOUS_MOVE = YES;
				CLANG_WARN_UNGUARDED_AVAILABILITY = YES_AGGRESSIVE;
				CLANG_WARN_UNREACHABLE_CODE = YES;
				CLANG_WARN__DUPLICATE_METHOD_MATCH = YES;
				CODE_SIGN_IDENTITY = "iPhone Developer";
				COPY_PHASE_STRIP = NO;
				DEBUG_INFORMATION_FORMAT = dwarf;
				ENABLE_STRICT_OBJC_MSGSEND = YES;
				ENABLE_TESTABILITY = YES;
				GCC_C_LANGUAGE_STANDARD = gnu11;
				GCC_DYNAMIC_NO_PIC = NO;
				GCC_NO_COMMON_BLOCKS = YES;
				GCC_OPTIMIZATION_LEVEL = 0;
				GCC_PREPROCESSOR_DEFINITIONS = (
					"DEBUG=1",
					"$(inherited)",
				);
				GCC_WARN_64_TO_32_BIT_CONVERSION = YES;
				GCC_WARN_ABOUT_RETURN_TYPE = YES_ERROR;
				GCC_WARN_UNDECLARED_SELECTOR = YES;
				GCC_WARN_UNINITIALIZED_AUTOS = YES_AGGRESSIVE;
				GCC_WARN_UNUSED_FUNCTION = YES;
				GCC_WARN_UNUSED_VARIABLE = YES;
				IPHONEOS_DEPLOYMENT_TARGET = 11.1;
				MTL_ENABLE_DEBUG_INFO = YES;
				ONLY_ACTIVE_ARCH = YES;
				SDKROOT = iphoneos;
				SWIFT_ACTIVE_COMPILATION_CONDITIONS = DEBUG;
				SWIFT_OPTIMIZATION_LEVEL = "-Onone";
				SWIFT_VERSION = 3.0;
			};
			name = Debug;
		};
		9BF0B2011FBE282F006F7F68 /* Release */ = {
			isa = XCBuildConfiguration;
			buildSettings = {
				ALWAYS_SEARCH_USER_PATHS = NO;
				CLANG_ANALYZER_NONNULL = YES;
				CLANG_ANALYZER_NUMBER_OBJECT_CONVERSION = YES_AGGRESSIVE;
				CLANG_CXX_LANGUAGE_STANDARD = "gnu++14";
				CLANG_CXX_LIBRARY = "libc++";
				CLANG_ENABLE_MODULES = YES;
				CLANG_ENABLE_OBJC_ARC = YES;
				CLANG_WARN_BLOCK_CAPTURE_AUTORELEASING = YES;
				CLANG_WARN_BOOL_CONVERSION = YES;
				CLANG_WARN_COMMA = YES;
				CLANG_WARN_CONSTANT_CONVERSION = YES;
				CLANG_WARN_DIRECT_OBJC_ISA_USAGE = YES_ERROR;
				CLANG_WARN_DOCUMENTATION_COMMENTS = YES;
				CLANG_WARN_EMPTY_BODY = YES;
				CLANG_WARN_ENUM_CONVERSION = YES;
				CLANG_WARN_INFINITE_RECURSION = YES;
				CLANG_WARN_INT_CONVERSION = YES;
				CLANG_WARN_NON_LITERAL_NULL_CONVERSION = YES;
				CLANG_WARN_OBJC_LITERAL_CONVERSION = YES;
				CLANG_WARN_OBJC_ROOT_CLASS = YES_ERROR;
				CLANG_WARN_RANGE_LOOP_ANALYSIS = YES;
				CLANG_WARN_STRICT_PROTOTYPES = YES;
				CLANG_WARN_SUSPICIOUS_MOVE = YES;
				CLANG_WARN_UNGUARDED_AVAILABILITY = YES_AGGRESSIVE;
				CLANG_WARN_UNREACHABLE_CODE = YES;
				CLANG_WARN__DUPLICATE_METHOD_MATCH = YES;
				CODE_SIGN_IDENTITY = "iPhone Developer";
				COPY_PHASE_STRIP = NO;
				DEBUG_INFORMATION_FORMAT = "dwarf-with-dsym";
				ENABLE_NS_ASSERTIONS = NO;
				ENABLE_STRICT_OBJC_MSGSEND = YES;
				GCC_C_LANGUAGE_STANDARD = gnu11;
				GCC_NO_COMMON_BLOCKS = YES;
				GCC_WARN_64_TO_32_BIT_CONVERSION = YES;
				GCC_WARN_ABOUT_RETURN_TYPE = YES_ERROR;
				GCC_WARN_UNDECLARED_SELECTOR = YES;
				GCC_WARN_UNINITIALIZED_AUTOS = YES_AGGRESSIVE;
				GCC_WARN_UNUSED_FUNCTION = YES;
				GCC_WARN_UNUSED_VARIABLE = YES;
				IPHONEOS_DEPLOYMENT_TARGET = 11.1;
				MTL_ENABLE_DEBUG_INFO = NO;
				SDKROOT = iphoneos;
				SWIFT_OPTIMIZATION_LEVEL = "-Owholemodule";
				SWIFT_VERSION = 3.0;
				VALIDATE_PRODUCT = YES;
			};
			name = Release;
		};
		9BF0B2031FBE282F006F7F68 /* Debug */ = {
			isa = XCBuildConfiguration;
			baseConfigurationReference = 86244525C78B7942CC0B29A1 /* Pods-SwiftStubs.debug.xcconfig */;
			buildSettings = {
				ASSETCATALOG_COMPILER_APPICON_NAME = AppIcon;
				CODE_SIGN_STYLE = Automatic;
				INFOPLIST_FILE = SwiftStubs/Info.plist;
				LD_RUNPATH_SEARCH_PATHS = "$(inherited) @executable_path/Frameworks";
				PRODUCT_BUNDLE_IDENTIFIER = com.SwiftStubs;
				PRODUCT_NAME = "$(TARGET_NAME)";
				SWIFT_VERSION = 3.0;
				TARGETED_DEVICE_FAMILY = "1,2";
			};
			name = Debug;
		};
		9BF0B2041FBE282F006F7F68 /* Release */ = {
			isa = XCBuildConfiguration;
			baseConfigurationReference = 3B2D2C688D0632E9D229050F /* Pods-SwiftStubs.release.xcconfig */;
			buildSettings = {
				ASSETCATALOG_COMPILER_APPICON_NAME = AppIcon;
				CODE_SIGN_STYLE = Automatic;
				INFOPLIST_FILE = SwiftStubs/Info.plist;
				LD_RUNPATH_SEARCH_PATHS = "$(inherited) @executable_path/Frameworks";
				PRODUCT_BUNDLE_IDENTIFIER = com.SwiftStubs;
				PRODUCT_NAME = "$(TARGET_NAME)";
				SWIFT_VERSION = 3.0;
				TARGETED_DEVICE_FAMILY = "1,2";
			};
			name = Release;
		};
		9BF0B2061FBE282F006F7F68 /* Debug */ = {
			isa = XCBuildConfiguration;
			baseConfigurationReference = 184BFFC1347621D5190F0C79 /* Pods-SwiftStubsTests.debug.xcconfig */;
			buildSettings = {
				ALWAYS_EMBED_SWIFT_STANDARD_LIBRARIES = YES;
				BUNDLE_LOADER = "$(TEST_HOST)";
				CODE_SIGN_STYLE = Automatic;
				INFOPLIST_FILE = SwiftStubsTests/Info.plist;
				LD_RUNPATH_SEARCH_PATHS = "$(inherited) @executable_path/Frameworks @loader_path/Frameworks";
				PRODUCT_BUNDLE_IDENTIFIER = com.SwiftStubsTests;
				PRODUCT_NAME = "$(TARGET_NAME)";
				SWIFT_VERSION = 3.0;
				TARGETED_DEVICE_FAMILY = "1,2";
				TEST_HOST = "$(BUILT_PRODUCTS_DIR)/SwiftStubs.app/SwiftStubs";
			};
			name = Debug;
		};
		9BF0B2071FBE282F006F7F68 /* Release */ = {
			isa = XCBuildConfiguration;
			baseConfigurationReference = B8D3C857301A274441C0FFAA /* Pods-SwiftStubsTests.release.xcconfig */;
			buildSettings = {
				ALWAYS_EMBED_SWIFT_STANDARD_LIBRARIES = YES;
				BUNDLE_LOADER = "$(TEST_HOST)";
				CODE_SIGN_STYLE = Automatic;
				INFOPLIST_FILE = SwiftStubsTests/Info.plist;
				LD_RUNPATH_SEARCH_PATHS = "$(inherited) @executable_path/Frameworks @loader_path/Frameworks";
				PRODUCT_BUNDLE_IDENTIFIER = com.SwiftStubsTests;
				PRODUCT_NAME = "$(TARGET_NAME)";
				SWIFT_VERSION = 3.0;
				TARGETED_DEVICE_FAMILY = "1,2";
				TEST_HOST = "$(BUILT_PRODUCTS_DIR)/SwiftStubs.app/SwiftStubs";
			};
			name = Release;
		};
		9BF0B2091FBE282F006F7F68 /* Debug */ = {
			isa = XCBuildConfiguration;
			baseConfigurationReference = F7A5AF162AECC0DBCD53F7CF /* Pods-SwiftStubsUITests.debug.xcconfig */;
			buildSettings = {
				ALWAYS_EMBED_SWIFT_STANDARD_LIBRARIES = YES;
				CODE_SIGN_STYLE = Automatic;
				INFOPLIST_FILE = SwiftStubsUITests/Info.plist;
				LD_RUNPATH_SEARCH_PATHS = "$(inherited) @executable_path/Frameworks @loader_path/Frameworks";
				PRODUCT_BUNDLE_IDENTIFIER = com.SwiftStubsUITests;
				PRODUCT_NAME = "$(TARGET_NAME)";
				SWIFT_VERSION = 3.0;
				TARGETED_DEVICE_FAMILY = "1,2";
				TEST_TARGET_NAME = SwiftStubs;
			};
			name = Debug;
		};
		9BF0B20A1FBE282F006F7F68 /* Release */ = {
			isa = XCBuildConfiguration;
			baseConfigurationReference = 4FA5C6E31060EAFB3F241063 /* Pods-SwiftStubsUITests.release.xcconfig */;
			buildSettings = {
				ALWAYS_EMBED_SWIFT_STANDARD_LIBRARIES = YES;
				CODE_SIGN_STYLE = Automatic;
				INFOPLIST_FILE = SwiftStubsUITests/Info.plist;
				LD_RUNPATH_SEARCH_PATHS = "$(inherited) @executable_path/Frameworks @loader_path/Frameworks";
				PRODUCT_BUNDLE_IDENTIFIER = com.SwiftStubsUITests;
				PRODUCT_NAME = "$(TARGET_NAME)";
				SWIFT_VERSION = 3.0;
				TARGETED_DEVICE_FAMILY = "1,2";
				TEST_TARGET_NAME = SwiftStubs;
			};
			name = Release;
		};
/* End XCBuildConfiguration section */

/* Begin XCConfigurationList section */
		9BF0B1D51FBE282E006F7F68 /* Build configuration list for PBXProject "SwiftStubs" */ = {
			isa = XCConfigurationList;
			buildConfigurations = (
				9BF0B2001FBE282F006F7F68 /* Debug */,
				9BF0B2011FBE282F006F7F68 /* Release */,
			);
			defaultConfigurationIsVisible = 0;
			defaultConfigurationName = Release;
		};
		9BF0B2021FBE282F006F7F68 /* Build configuration list for PBXNativeTarget "SwiftStubs" */ = {
			isa = XCConfigurationList;
			buildConfigurations = (
				9BF0B2031FBE282F006F7F68 /* Debug */,
				9BF0B2041FBE282F006F7F68 /* Release */,
			);
			defaultConfigurationIsVisible = 0;
			defaultConfigurationName = Release;
		};
		9BF0B2051FBE282F006F7F68 /* Build configuration list for PBXNativeTarget "SwiftStubsTests" */ = {
			isa = XCConfigurationList;
			buildConfigurations = (
				9BF0B2061FBE282F006F7F68 /* Debug */,
				9BF0B2071FBE282F006F7F68 /* Release */,
			);
			defaultConfigurationIsVisible = 0;
			defaultConfigurationName = Release;
		};
		9BF0B2081FBE282F006F7F68 /* Build configuration list for PBXNativeTarget "SwiftStubsUITests" */ = {
			isa = XCConfigurationList;
			buildConfigurations = (
				9BF0B2091FBE282F006F7F68 /* Debug */,
				9BF0B20A1FBE282F006F7F68 /* Release */,
			);
			defaultConfigurationIsVisible = 0;
			defaultConfigurationName = Release;
		};
/* End XCConfigurationList section */
	};
	rootObject = 9BF0B1D21FBE282E006F7F68 /* Project object */;
}
